// !$*UTF8*$!
{
	archiveVersion = 1;
	classes = {
	};
	objectVersion = 52;
	objects = {

/* Begin PBXBuildFile section */
		1B2230E3255E11BF00AB7B3E /* AppDelegate.swift in Sources */ = {isa = PBXBuildFile; fileRef = 1B2230E2255E11BF00AB7B3E /* AppDelegate.swift */; };
		1B2230E5255E11BF00AB7B3E /* SceneDelegate.swift in Sources */ = {isa = PBXBuildFile; fileRef = 1B2230E4255E11BF00AB7B3E /* SceneDelegate.swift */; };
		1B2230E7255E11BF00AB7B3E /* ViewController.swift in Sources */ = {isa = PBXBuildFile; fileRef = 1B2230E6255E11BF00AB7B3E /* ViewController.swift */; };
		1B2230EA255E11C000AB7B3E /* Main.storyboard in Resources */ = {isa = PBXBuildFile; fileRef = 1B2230E8255E11C000AB7B3E /* Main.storyboard */; };
		1B2230ED255E11C000AB7B3E /* Vibez.xcdatamodeld in Sources */ = {isa = PBXBuildFile; fileRef = 1B2230EB255E11C000AB7B3E /* Vibez.xcdatamodeld */; };
		1B2230EF255E11C300AB7B3E /* Assets.xcassets in Resources */ = {isa = PBXBuildFile; fileRef = 1B2230EE255E11C300AB7B3E /* Assets.xcassets */; };
		1B2230F2255E11C300AB7B3E /* LaunchScreen.storyboard in Resources */ = {isa = PBXBuildFile; fileRef = 1B2230F0255E11C300AB7B3E /* LaunchScreen.storyboard */; };
		1B2230FD255E11C400AB7B3E /* VibezTests.swift in Sources */ = {isa = PBXBuildFile; fileRef = 1B2230FC255E11C400AB7B3E /* VibezTests.swift */; };
		1B223108255E11C400AB7B3E /* VibezUITests.swift in Sources */ = {isa = PBXBuildFile; fileRef = 1B223107255E11C400AB7B3E /* VibezUITests.swift */; };
		1B9DDC31257AFD1600D8A948 /* Constants.swift in Sources */ = {isa = PBXBuildFile; fileRef = 1B9DDC30257AFD1500D8A948 /* Constants.swift */; };
		1B9DDC3C257B00EB00D8A948 /* SpotifyK.swift in Sources */ = {isa = PBXBuildFile; fileRef = 1B9DDC3B257B00EB00D8A948 /* SpotifyK.swift */; };
		1B9DDC45257B095400D8A948 /* VibezSoundz.swift in Sources */ = {isa = PBXBuildFile; fileRef = 1B9DDC44257B095400D8A948 /* VibezSoundz.swift */; };
		1B9DDC52257B10A100D8A948 /* Kingfisher in Frameworks */ = {isa = PBXBuildFile; productRef = 1B9DDC51257B10A100D8A948 /* Kingfisher */; };
		1B9DDC57257C6AF600D8A948 /* JSONModel.swift in Sources */ = {isa = PBXBuildFile; fileRef = 1B9DDC56257C6AF500D8A948 /* JSONModel.swift */; };
		1B9DDC5C257C6C3E00D8A948 /* DataModel.swift in Sources */ = {isa = PBXBuildFile; fileRef = 1B9DDC5B257C6C3E00D8A948 /* DataModel.swift */; };
		1B9DDC99257C73F600D8A948 /* VibezPlayer.swift in Sources */ = {isa = PBXBuildFile; fileRef = 1B9DDC98257C73F600D8A948 /* VibezPlayer.swift */; };
		1B9DDCA3257C82B000D8A948 /* TabBarController.swift in Sources */ = {isa = PBXBuildFile; fileRef = 1B9DDCA2257C82B000D8A948 /* TabBarController.swift */; };
/* End PBXBuildFile section */

/* Begin PBXContainerItemProxy section */
		1B2230F9255E11C400AB7B3E /* PBXContainerItemProxy */ = {
			isa = PBXContainerItemProxy;
			containerPortal = 1B2230D7255E11BF00AB7B3E /* Project object */;
			proxyType = 1;
			remoteGlobalIDString = 1B2230DE255E11BF00AB7B3E;
			remoteInfo = Vibez;
		};
		1B223104255E11C400AB7B3E /* PBXContainerItemProxy */ = {
			isa = PBXContainerItemProxy;
			containerPortal = 1B2230D7255E11BF00AB7B3E /* Project object */;
			proxyType = 1;
			remoteGlobalIDString = 1B2230DE255E11BF00AB7B3E;
			remoteInfo = Vibez;
		};
/* End PBXContainerItemProxy section */

/* Begin PBXFileReference section */
		1B2230DF255E11BF00AB7B3E /* Vibez.app */ = {isa = PBXFileReference; explicitFileType = wrapper.application; includeInIndex = 0; path = Vibez.app; sourceTree = BUILT_PRODUCTS_DIR; };
		1B2230E2255E11BF00AB7B3E /* AppDelegate.swift */ = {isa = PBXFileReference; lastKnownFileType = sourcecode.swift; path = AppDelegate.swift; sourceTree = "<group>"; };
		1B2230E4255E11BF00AB7B3E /* SceneDelegate.swift */ = {isa = PBXFileReference; lastKnownFileType = sourcecode.swift; path = SceneDelegate.swift; sourceTree = "<group>"; };
		1B2230E6255E11BF00AB7B3E /* ViewController.swift */ = {isa = PBXFileReference; lastKnownFileType = sourcecode.swift; path = ViewController.swift; sourceTree = "<group>"; };
		1B2230E9255E11C000AB7B3E /* Base */ = {isa = PBXFileReference; lastKnownFileType = file.storyboard; name = Base; path = Base.lproj/Main.storyboard; sourceTree = "<group>"; };
		1B2230EC255E11C000AB7B3E /* Vibez.xcdatamodel */ = {isa = PBXFileReference; lastKnownFileType = wrapper.xcdatamodel; path = Vibez.xcdatamodel; sourceTree = "<group>"; };
		1B2230EE255E11C300AB7B3E /* Assets.xcassets */ = {isa = PBXFileReference; lastKnownFileType = folder.assetcatalog; path = Assets.xcassets; sourceTree = "<group>"; };
		1B2230F1255E11C300AB7B3E /* Base */ = {isa = PBXFileReference; lastKnownFileType = file.storyboard; name = Base; path = Base.lproj/LaunchScreen.storyboard; sourceTree = "<group>"; };
		1B2230F3255E11C300AB7B3E /* Info.plist */ = {isa = PBXFileReference; lastKnownFileType = text.plist.xml; path = Info.plist; sourceTree = "<group>"; };
		1B2230F8255E11C400AB7B3E /* VibezTests.xctest */ = {isa = PBXFileReference; explicitFileType = wrapper.cfbundle; includeInIndex = 0; path = VibezTests.xctest; sourceTree = BUILT_PRODUCTS_DIR; };
		1B2230FC255E11C400AB7B3E /* VibezTests.swift */ = {isa = PBXFileReference; lastKnownFileType = sourcecode.swift; path = VibezTests.swift; sourceTree = "<group>"; };
		1B2230FE255E11C400AB7B3E /* Info.plist */ = {isa = PBXFileReference; lastKnownFileType = text.plist.xml; path = Info.plist; sourceTree = "<group>"; };
		1B223103255E11C400AB7B3E /* VibezUITests.xctest */ = {isa = PBXFileReference; explicitFileType = wrapper.cfbundle; includeInIndex = 0; path = VibezUITests.xctest; sourceTree = BUILT_PRODUCTS_DIR; };
		1B223107255E11C400AB7B3E /* VibezUITests.swift */ = {isa = PBXFileReference; lastKnownFileType = sourcecode.swift; path = VibezUITests.swift; sourceTree = "<group>"; };
		1B223109255E11C400AB7B3E /* Info.plist */ = {isa = PBXFileReference; lastKnownFileType = text.plist.xml; path = Info.plist; sourceTree = "<group>"; };
		1B9DDC30257AFD1500D8A948 /* Constants.swift */ = {isa = PBXFileReference; lastKnownFileType = sourcecode.swift; path = Constants.swift; sourceTree = "<group>"; };
		1B9DDC3B257B00EB00D8A948 /* SpotifyK.swift */ = {isa = PBXFileReference; lastKnownFileType = sourcecode.swift; path = SpotifyK.swift; sourceTree = "<group>"; };
		1B9DDC44257B095400D8A948 /* VibezSoundz.swift */ = {isa = PBXFileReference; lastKnownFileType = sourcecode.swift; path = VibezSoundz.swift; sourceTree = "<group>"; };
		1B9DDC56257C6AF500D8A948 /* JSONModel.swift */ = {isa = PBXFileReference; lastKnownFileType = sourcecode.swift; path = JSONModel.swift; sourceTree = "<group>"; };
		1B9DDC5B257C6C3E00D8A948 /* DataModel.swift */ = {isa = PBXFileReference; lastKnownFileType = sourcecode.swift; path = DataModel.swift; sourceTree = "<group>"; };
		1B9DDC98257C73F600D8A948 /* VibezPlayer.swift */ = {isa = PBXFileReference; lastKnownFileType = sourcecode.swift; path = VibezPlayer.swift; sourceTree = "<group>"; };
		1B9DDCA2257C82B000D8A948 /* TabBarController.swift */ = {isa = PBXFileReference; lastKnownFileType = sourcecode.swift; name = TabBarController.swift; path = Vibez/Views/TabBarController.swift; sourceTree = SOURCE_ROOT; };
/* End PBXFileReference section */

/* Begin PBXFrameworksBuildPhase section */
		1B2230DC255E11BF00AB7B3E /* Frameworks */ = {
			isa = PBXFrameworksBuildPhase;
			buildActionMask = 2147483647;
			files = (
				1B9DDC52257B10A100D8A948 /* Kingfisher in Frameworks */,
			);
			runOnlyForDeploymentPostprocessing = 0;
		};
		1B2230F5255E11C400AB7B3E /* Frameworks */ = {
			isa = PBXFrameworksBuildPhase;
			buildActionMask = 2147483647;
			files = (
			);
			runOnlyForDeploymentPostprocessing = 0;
		};
		1B223100255E11C400AB7B3E /* Frameworks */ = {
			isa = PBXFrameworksBuildPhase;
			buildActionMask = 2147483647;
			files = (
			);
			runOnlyForDeploymentPostprocessing = 0;
		};
/* End PBXFrameworksBuildPhase section */

/* Begin PBXGroup section */
		1B2230D6255E11BF00AB7B3E = {
			isa = PBXGroup;
			children = (
				1B2230E1255E11BF00AB7B3E /* Vibez */,
				1B2230FB255E11C400AB7B3E /* VibezTests */,
				1B223106255E11C400AB7B3E /* VibezUITests */,
				1B2230E0255E11BF00AB7B3E /* Products */,
			);
			sourceTree = "<group>";
		};
		1B2230E0255E11BF00AB7B3E /* Products */ = {
			isa = PBXGroup;
			children = (
				1B2230DF255E11BF00AB7B3E /* Vibez.app */,
				1B2230F8255E11C400AB7B3E /* VibezTests.xctest */,
				1B223103255E11C400AB7B3E /* VibezUITests.xctest */,
			);
			name = Products;
			sourceTree = "<group>";
		};
		1B2230E1255E11BF00AB7B3E /* Vibez */ = {
			isa = PBXGroup;
			children = (
				1B9DDC40257B08DD00D8A948 /* Model */,
				1B9DDC4C257B0B1800D8A948 /* Network */,
				1B2230E2255E11BF00AB7B3E /* AppDelegate.swift */,
				1B2230E4255E11BF00AB7B3E /* SceneDelegate.swift */,
				1B9DDC4E257B0B3500D8A948 /* Views */,
				1B2230E6255E11BF00AB7B3E /* ViewController.swift */,
				1B2230E8255E11C000AB7B3E /* Main.storyboard */,
				1B2230EE255E11C300AB7B3E /* Assets.xcassets */,
				1B2230F0255E11C300AB7B3E /* LaunchScreen.storyboard */,
				1B2230F3255E11C300AB7B3E /* Info.plist */,
				1B2230EB255E11C000AB7B3E /* Vibez.xcdatamodeld */,
			);
			path = Vibez;
			sourceTree = "<group>";
		};
		1B2230FB255E11C400AB7B3E /* VibezTests */ = {
			isa = PBXGroup;
			children = (
				1B2230FC255E11C400AB7B3E /* VibezTests.swift */,
				1B2230FE255E11C400AB7B3E /* Info.plist */,
			);
			path = VibezTests;
			sourceTree = "<group>";
		};
		1B223106255E11C400AB7B3E /* VibezUITests */ = {
			isa = PBXGroup;
			children = (
				1B223107255E11C400AB7B3E /* VibezUITests.swift */,
				1B223109255E11C400AB7B3E /* Info.plist */,
			);
			path = VibezUITests;
			sourceTree = "<group>";
		};
		1B9DDC40257B08DD00D8A948 /* Model */ = {
			isa = PBXGroup;
			children = (
				1B9DDC30257AFD1500D8A948 /* Constants.swift */,
				1B9DDC44257B095400D8A948 /* VibezSoundz.swift */,
				1B9DDC5B257C6C3E00D8A948 /* DataModel.swift */,
				1B9DDCA2257C82B000D8A948 /* TabBarController.swift */,
				1B9DDC3B257B00EB00D8A948 /* SpotifyK.swift */,
				1B9DDC56257C6AF500D8A948 /* JSONModel.swift */,
			);
			path = Model;
			sourceTree = "<group>";
		};
		1B9DDC4C257B0B1800D8A948 /* Network */ = {
			isa = PBXGroup;
			children = (
				1B9DDC98257C73F600D8A948 /* VibezPlayer.swift */,
			);
			path = Network;
			sourceTree = "<group>";
		};
		1B9DDC4E257B0B3500D8A948 /* Views */ = {
			isa = PBXGroup;
			children = (
			);
			path = Views;
			sourceTree = "<group>";
		};
/* End PBXGroup section */

/* Begin PBXNativeTarget section */
		1B2230DE255E11BF00AB7B3E /* Vibez */ = {
			isa = PBXNativeTarget;
			buildConfigurationList = 1B22310C255E11C400AB7B3E /* Build configuration list for PBXNativeTarget "Vibez" */;
			buildPhases = (
				1B2230DB255E11BF00AB7B3E /* Sources */,
				1B2230DC255E11BF00AB7B3E /* Frameworks */,
				1B2230DD255E11BF00AB7B3E /* Resources */,
			);
			buildRules = (
			);
			dependencies = (
			);
			name = Vibez;
			packageProductDependencies = (
				1B9DDC51257B10A100D8A948 /* Kingfisher */,
			);
			productName = Vibez;
			productReference = 1B2230DF255E11BF00AB7B3E /* Vibez.app */;
			productType = "com.apple.product-type.application";
		};
		1B2230F7255E11C400AB7B3E /* VibezTests */ = {
			isa = PBXNativeTarget;
			buildConfigurationList = 1B22310F255E11C400AB7B3E /* Build configuration list for PBXNativeTarget "VibezTests" */;
			buildPhases = (
				1B2230F4255E11C400AB7B3E /* Sources */,
				1B2230F5255E11C400AB7B3E /* Frameworks */,
				1B2230F6255E11C400AB7B3E /* Resources */,
			);
			buildRules = (
			);
			dependencies = (
				1B2230FA255E11C400AB7B3E /* PBXTargetDependency */,
			);
			name = VibezTests;
			productName = VibezTests;
			productReference = 1B2230F8255E11C400AB7B3E /* VibezTests.xctest */;
			productType = "com.apple.product-type.bundle.unit-test";
		};
		1B223102255E11C400AB7B3E /* VibezUITests */ = {
			isa = PBXNativeTarget;
			buildConfigurationList = 1B223112255E11C400AB7B3E /* Build configuration list for PBXNativeTarget "VibezUITests" */;
			buildPhases = (
				1B2230FF255E11C400AB7B3E /* Sources */,
				1B223100255E11C400AB7B3E /* Frameworks */,
				1B223101255E11C400AB7B3E /* Resources */,
			);
			buildRules = (
			);
			dependencies = (
				1B223105255E11C400AB7B3E /* PBXTargetDependency */,
			);
			name = VibezUITests;
			productName = VibezUITests;
			productReference = 1B223103255E11C400AB7B3E /* VibezUITests.xctest */;
			productType = "com.apple.product-type.bundle.ui-testing";
		};
/* End PBXNativeTarget section */

/* Begin PBXProject section */
		1B2230D7255E11BF00AB7B3E /* Project object */ = {
			isa = PBXProject;
			attributes = {
				LastSwiftUpdateCheck = 1210;
				LastUpgradeCheck = 1210;
				TargetAttributes = {
					1B2230DE255E11BF00AB7B3E = {
						CreatedOnToolsVersion = 12.1;
					};
					1B2230F7255E11C400AB7B3E = {
						CreatedOnToolsVersion = 12.1;
						TestTargetID = 1B2230DE255E11BF00AB7B3E;
					};
					1B223102255E11C400AB7B3E = {
						CreatedOnToolsVersion = 12.1;
						TestTargetID = 1B2230DE255E11BF00AB7B3E;
					};
				};
			};
			buildConfigurationList = 1B2230DA255E11BF00AB7B3E /* Build configuration list for PBXProject "Vibez" */;
			compatibilityVersion = "Xcode 9.3";
			developmentRegion = en;
			hasScannedForEncodings = 0;
			knownRegions = (
				en,
				Base,
			);
			mainGroup = 1B2230D6255E11BF00AB7B3E;
			packageReferences = (
				1B9DDC50257B10A000D8A948 /* XCRemoteSwiftPackageReference "Kingfisher" */,
			);
			productRefGroup = 1B2230E0255E11BF00AB7B3E /* Products */;
			projectDirPath = "";
			projectRoot = "";
			targets = (
				1B2230DE255E11BF00AB7B3E /* Vibez */,
				1B2230F7255E11C400AB7B3E /* VibezTests */,
				1B223102255E11C400AB7B3E /* VibezUITests */,
			);
		};
/* End PBXProject section */

/* Begin PBXResourcesBuildPhase section */
		1B2230DD255E11BF00AB7B3E /* Resources */ = {
			isa = PBXResourcesBuildPhase;
			buildActionMask = 2147483647;
			files = (
				1B2230F2255E11C300AB7B3E /* LaunchScreen.storyboard in Resources */,
				1B2230EF255E11C300AB7B3E /* Assets.xcassets in Resources */,
				1B2230EA255E11C000AB7B3E /* Main.storyboard in Resources */,
			);
			runOnlyForDeploymentPostprocessing = 0;
		};
		1B2230F6255E11C400AB7B3E /* Resources */ = {
			isa = PBXResourcesBuildPhase;
			buildActionMask = 2147483647;
			files = (
			);
			runOnlyForDeploymentPostprocessing = 0;
		};
		1B223101255E11C400AB7B3E /* Resources */ = {
			isa = PBXResourcesBuildPhase;
			buildActionMask = 2147483647;
			files = (
			);
			runOnlyForDeploymentPostprocessing = 0;
		};
/* End PBXResourcesBuildPhase section */

/* Begin PBXSourcesBuildPhase section */
		1B2230DB255E11BF00AB7B3E /* Sources */ = {
			isa = PBXSourcesBuildPhase;
			buildActionMask = 2147483647;
			files = (
				1B9DDC31257AFD1600D8A948 /* Constants.swift in Sources */,
				1B2230E7255E11BF00AB7B3E /* ViewController.swift in Sources */,
				1B9DDCA3257C82B000D8A948 /* TabBarController.swift in Sources */,
				1B9DDC3C257B00EB00D8A948 /* SpotifyK.swift in Sources */,
				1B2230E3255E11BF00AB7B3E /* AppDelegate.swift in Sources */,
				1B2230ED255E11C000AB7B3E /* Vibez.xcdatamodeld in Sources */,
				1B9DDC57257C6AF600D8A948 /* JSONModel.swift in Sources */,
				1B9DDC45257B095400D8A948 /* VibezSoundz.swift in Sources */,
				1B9DDC99257C73F600D8A948 /* VibezPlayer.swift in Sources */,
				1B2230E5255E11BF00AB7B3E /* SceneDelegate.swift in Sources */,
				1B9DDC5C257C6C3E00D8A948 /* DataModel.swift in Sources */,
			);
			runOnlyForDeploymentPostprocessing = 0;
		};
		1B2230F4255E11C400AB7B3E /* Sources */ = {
			isa = PBXSourcesBuildPhase;
			buildActionMask = 2147483647;
			files = (
				1B2230FD255E11C400AB7B3E /* VibezTests.swift in Sources */,
			);
			runOnlyForDeploymentPostprocessing = 0;
		};
		1B2230FF255E11C400AB7B3E /* Sources */ = {
			isa = PBXSourcesBuildPhase;
			buildActionMask = 2147483647;
			files = (
				1B223108255E11C400AB7B3E /* VibezUITests.swift in Sources */,
			);
			runOnlyForDeploymentPostprocessing = 0;
		};
/* End PBXSourcesBuildPhase section */

/* Begin PBXTargetDependency section */
		1B2230FA255E11C400AB7B3E /* PBXTargetDependency */ = {
			isa = PBXTargetDependency;
			target = 1B2230DE255E11BF00AB7B3E /* Vibez */;
			targetProxy = 1B2230F9255E11C400AB7B3E /* PBXContainerItemProxy */;
		};
		1B223105255E11C400AB7B3E /* PBXTargetDependency */ = {
			isa = PBXTargetDependency;
			target = 1B2230DE255E11BF00AB7B3E /* Vibez */;
			targetProxy = 1B223104255E11C400AB7B3E /* PBXContainerItemProxy */;
		};
/* End PBXTargetDependency section */

/* Begin PBXVariantGroup section */
		1B2230E8255E11C000AB7B3E /* Main.storyboard */ = {
			isa = PBXVariantGroup;
			children = (
				1B2230E9255E11C000AB7B3E /* Base */,
			);
			name = Main.storyboard;
			sourceTree = "<group>";
		};
		1B2230F0255E11C300AB7B3E /* LaunchScreen.storyboard */ = {
			isa = PBXVariantGroup;
			children = (
				1B2230F1255E11C300AB7B3E /* Base */,
			);
			name = LaunchScreen.storyboard;
			sourceTree = "<group>";
		};
/* End PBXVariantGroup section */

/* Begin XCBuildConfiguration section */
		1B22310A255E11C400AB7B3E /* Debug */ = {
			isa = XCBuildConfiguration;
			buildSettings = {
				ALWAYS_SEARCH_USER_PATHS = NO;
				CLANG_ANALYZER_NONNULL = YES;
				CLANG_ANALYZER_NUMBER_OBJECT_CONVERSION = YES_AGGRESSIVE;
				CLANG_CXX_LANGUAGE_STANDARD = "gnu++14";
				CLANG_CXX_LIBRARY = "libc++";
				CLANG_ENABLE_MODULES = YES;
				CLANG_ENABLE_OBJC_ARC = YES;
				CLANG_ENABLE_OBJC_WEAK = YES;
				CLANG_WARN_BLOCK_CAPTURE_AUTORELEASING = YES;
				CLANG_WARN_BOOL_CONVERSION = YES;
				CLANG_WARN_COMMA = YES;
				CLANG_WARN_CONSTANT_CONVERSION = YES;
				CLANG_WARN_DEPRECATED_OBJC_IMPLEMENTATIONS = YES;
				CLANG_WARN_DIRECT_OBJC_ISA_USAGE = YES_ERROR;
				CLANG_WARN_DOCUMENTATION_COMMENTS = YES;
				CLANG_WARN_EMPTY_BODY = YES;
				CLANG_WARN_ENUM_CONVERSION = YES;
				CLANG_WARN_INFINITE_RECURSION = YES;
				CLANG_WARN_INT_CONVERSION = YES;
				CLANG_WARN_NON_LITERAL_NULL_CONVERSION = YES;
				CLANG_WARN_OBJC_IMPLICIT_RETAIN_SELF = YES;
				CLANG_WARN_OBJC_LITERAL_CONVERSION = YES;
				CLANG_WARN_OBJC_ROOT_CLASS = YES_ERROR;
				CLANG_WARN_QUOTED_INCLUDE_IN_FRAMEWORK_HEADER = YES;
				CLANG_WARN_RANGE_LOOP_ANALYSIS = YES;
				CLANG_WARN_STRICT_PROTOTYPES = YES;
				CLANG_WARN_SUSPICIOUS_MOVE = YES;
				CLANG_WARN_UNGUARDED_AVAILABILITY = YES_AGGRESSIVE;
				CLANG_WARN_UNREACHABLE_CODE = YES;
				CLANG_WARN__DUPLICATE_METHOD_MATCH = YES;
				COPY_PHASE_STRIP = NO;
				DEBUG_INFORMATION_FORMAT = dwarf;
				ENABLE_STRICT_OBJC_MSGSEND = YES;
				ENABLE_TESTABILITY = YES;
				GCC_C_LANGUAGE_STANDARD = gnu11;
				GCC_DYNAMIC_NO_PIC = NO;
				GCC_NO_COMMON_BLOCKS = YES;
				GCC_OPTIMIZATION_LEVEL = 0;
				GCC_PREPROCESSOR_DEFINITIONS = (
					"DEBUG=1",
					"$(inherited)",
				);
				GCC_WARN_64_TO_32_BIT_CONVERSION = YES;
				GCC_WARN_ABOUT_RETURN_TYPE = YES_ERROR;
				GCC_WARN_UNDECLARED_SELECTOR = YES;
				GCC_WARN_UNINITIALIZED_AUTOS = YES_AGGRESSIVE;
				GCC_WARN_UNUSED_FUNCTION = YES;
				GCC_WARN_UNUSED_VARIABLE = YES;
				IPHONEOS_DEPLOYMENT_TARGET = 14.1;
				MTL_ENABLE_DEBUG_INFO = INCLUDE_SOURCE;
				MTL_FAST_MATH = YES;
				ONLY_ACTIVE_ARCH = YES;
				SDKROOT = iphoneos;
				SWIFT_ACTIVE_COMPILATION_CONDITIONS = DEBUG;
				SWIFT_OPTIMIZATION_LEVEL = "-Onone";
			};
			name = Debug;
		};
		1B22310B255E11C400AB7B3E /* Release */ = {
			isa = XCBuildConfiguration;
			buildSettings = {
				ALWAYS_SEARCH_USER_PATHS = NO;
				CLANG_ANALYZER_NONNULL = YES;
				CLANG_ANALYZER_NUMBER_OBJECT_CONVERSION = YES_AGGRESSIVE;
				CLANG_CXX_LANGUAGE_STANDARD = "gnu++14";
				CLANG_CXX_LIBRARY = "libc++";
				CLANG_ENABLE_MODULES = YES;
				CLANG_ENABLE_OBJC_ARC = YES;
				CLANG_ENABLE_OBJC_WEAK = YES;
				CLANG_WARN_BLOCK_CAPTURE_AUTORELEASING = YES;
				CLANG_WARN_BOOL_CONVERSION = YES;
				CLANG_WARN_COMMA = YES;
				CLANG_WARN_CONSTANT_CONVERSION = YES;
				CLANG_WARN_DEPRECATED_OBJC_IMPLEMENTATIONS = YES;
				CLANG_WARN_DIRECT_OBJC_ISA_USAGE = YES_ERROR;
				CLANG_WARN_DOCUMENTATION_COMMENTS = YES;
				CLANG_WARN_EMPTY_BODY = YES;
				CLANG_WARN_ENUM_CONVERSION = YES;
				CLANG_WARN_INFINITE_RECURSION = YES;
				CLANG_WARN_INT_CONVERSION = YES;
				CLANG_WARN_NON_LITERAL_NULL_CONVERSION = YES;
				CLANG_WARN_OBJC_IMPLICIT_RETAIN_SELF = YES;
				CLANG_WARN_OBJC_LITERAL_CONVERSION = YES;
				CLANG_WARN_OBJC_ROOT_CLASS = YES_ERROR;
				CLANG_WARN_QUOTED_INCLUDE_IN_FRAMEWORK_HEADER = YES;
				CLANG_WARN_RANGE_LOOP_ANALYSIS = YES;
				CLANG_WARN_STRICT_PROTOTYPES = YES;
				CLANG_WARN_SUSPICIOUS_MOVE = YES;
				CLANG_WARN_UNGUARDED_AVAILABILITY = YES_AGGRESSIVE;
				CLANG_WARN_UNREACHABLE_CODE = YES;
				CLANG_WARN__DUPLICATE_METHOD_MATCH = YES;
				COPY_PHASE_STRIP = NO;
				DEBUG_INFORMATION_FORMAT = "dwarf-with-dsym";
				ENABLE_NS_ASSERTIONS = NO;
				ENABLE_STRICT_OBJC_MSGSEND = YES;
				GCC_C_LANGUAGE_STANDARD = gnu11;
				GCC_NO_COMMON_BLOCKS = YES;
				GCC_WARN_64_TO_32_BIT_CONVERSION = YES;
				GCC_WARN_ABOUT_RETURN_TYPE = YES_ERROR;
				GCC_WARN_UNDECLARED_SELECTOR = YES;
				GCC_WARN_UNINITIALIZED_AUTOS = YES_AGGRESSIVE;
				GCC_WARN_UNUSED_FUNCTION = YES;
				GCC_WARN_UNUSED_VARIABLE = YES;
				IPHONEOS_DEPLOYMENT_TARGET = 14.1;
				MTL_ENABLE_DEBUG_INFO = NO;
				MTL_FAST_MATH = YES;
				SDKROOT = iphoneos;
				SWIFT_COMPILATION_MODE = wholemodule;
				SWIFT_OPTIMIZATION_LEVEL = "-O";
				VALIDATE_PRODUCT = YES;
			};
			name = Release;
		};
		1B22310D255E11C400AB7B3E /* Debug */ = {
			isa = XCBuildConfiguration;
			buildSettings = {
				ASSETCATALOG_COMPILER_APPICON_NAME = AppIcon;
				ASSETCATALOG_COMPILER_GLOBAL_ACCENT_COLOR_NAME = AccentColor;
				CODE_SIGN_STYLE = Automatic;
				DEVELOPMENT_TEAM = 4KT624V79W;
				INFOPLIST_FILE = Vibez/Info.plist;
				LD_RUNPATH_SEARCH_PATHS = (
					"$(inherited)",
					"@executable_path/Frameworks",
				);
				PRODUCT_BUNDLE_IDENTIFIER = com.benjamin5311.Vibez;
				PRODUCT_NAME = "$(TARGET_NAME)";
				SWIFT_VERSION = 5.0;
				TARGETED_DEVICE_FAMILY = "1,2";
			};
			name = Debug;
		};
		1B22310E255E11C400AB7B3E /* Release */ = {
			isa = XCBuildConfiguration;
			buildSettings = {
				ASSETCATALOG_COMPILER_APPICON_NAME = AppIcon;
				ASSETCATALOG_COMPILER_GLOBAL_ACCENT_COLOR_NAME = AccentColor;
				CODE_SIGN_STYLE = Automatic;
				DEVELOPMENT_TEAM = 4KT624V79W;
				INFOPLIST_FILE = Vibez/Info.plist;
				LD_RUNPATH_SEARCH_PATHS = (
					"$(inherited)",
					"@executable_path/Frameworks",
				);
				PRODUCT_BUNDLE_IDENTIFIER = com.benjamin5311.Vibez;
				PRODUCT_NAME = "$(TARGET_NAME)";
				SWIFT_VERSION = 5.0;
				TARGETED_DEVICE_FAMILY = "1,2";
			};
			name = Release;
		};
		1B223110255E11C400AB7B3E /* Debug */ = {
			isa = XCBuildConfiguration;
			buildSettings = {
				ALWAYS_EMBED_SWIFT_STANDARD_LIBRARIES = YES;
				BUNDLE_LOADER = "$(TEST_HOST)";
				CODE_SIGN_STYLE = Automatic;
				DEVELOPMENT_TEAM = 4KT624V79W;
				INFOPLIST_FILE = VibezTests/Info.plist;
				IPHONEOS_DEPLOYMENT_TARGET = 14.1;
				LD_RUNPATH_SEARCH_PATHS = (
					"$(inherited)",
					"@executable_path/Frameworks",
					"@loader_path/Frameworks",
				);
				PRODUCT_BUNDLE_IDENTIFIER = com.benjamin5311.VibezTests;
				PRODUCT_NAME = "$(TARGET_NAME)";
				SWIFT_VERSION = 5.0;
				TARGETED_DEVICE_FAMILY = "1,2";
				TEST_HOST = "$(BUILT_PRODUCTS_DIR)/Vibez.app/Vibez";
			};
			name = Debug;
		};
		1B223111255E11C400AB7B3E /* Release */ = {
			isa = XCBuildConfiguration;
			buildSettings = {
				ALWAYS_EMBED_SWIFT_STANDARD_LIBRARIES = YES;
				BUNDLE_LOADER = "$(TEST_HOST)";
				CODE_SIGN_STYLE = Automatic;
				DEVELOPMENT_TEAM = 4KT624V79W;
				INFOPLIST_FILE = VibezTests/Info.plist;
				IPHONEOS_DEPLOYMENT_TARGET = 14.1;
				LD_RUNPATH_SEARCH_PATHS = (
					"$(inherited)",
					"@executable_path/Frameworks",
					"@loader_path/Frameworks",
				);
				PRODUCT_BUNDLE_IDENTIFIER = com.benjamin5311.VibezTests;
				PRODUCT_NAME = "$(TARGET_NAME)";
				SWIFT_VERSION = 5.0;
				TARGETED_DEVICE_FAMILY = "1,2";
				TEST_HOST = "$(BUILT_PRODUCTS_DIR)/Vibez.app/Vibez";
			};
			name = Release;
		};
		1B223113255E11C400AB7B3E /* Debug */ = {
			isa = XCBuildConfiguration;
			buildSettings = {
				ALWAYS_EMBED_SWIFT_STANDARD_LIBRARIES = YES;
				CODE_SIGN_STYLE = Automatic;
				DEVELOPMENT_TEAM = 4KT624V79W;
				INFOPLIST_FILE = VibezUITests/Info.plist;
				LD_RUNPATH_SEARCH_PATHS = (
					"$(inherited)",
					"@executable_path/Frameworks",
					"@loader_path/Frameworks",
				);
				PRODUCT_BUNDLE_IDENTIFIER = com.benjamin5311.VibezUITests;
				PRODUCT_NAME = "$(TARGET_NAME)";
				SWIFT_VERSION = 5.0;
				TARGETED_DEVICE_FAMILY = "1,2";
				TEST_TARGET_NAME = Vibez;
			};
			name = Debug;
		};
		1B223114255E11C400AB7B3E /* Release */ = {
			isa = XCBuildConfiguration;
			buildSettings = {
				ALWAYS_EMBED_SWIFT_STANDARD_LIBRARIES = YES;
				CODE_SIGN_STYLE = Automatic;
				DEVELOPMENT_TEAM = 4KT624V79W;
				INFOPLIST_FILE = VibezUITests/Info.plist;
				LD_RUNPATH_SEARCH_PATHS = (
					"$(inherited)",
					"@executable_path/Frameworks",
					"@loader_path/Frameworks",
				);
				PRODUCT_BUNDLE_IDENTIFIER = com.benjamin5311.VibezUITests;
				PRODUCT_NAME = "$(TARGET_NAME)";
				SWIFT_VERSION = 5.0;
				TARGETED_DEVICE_FAMILY = "1,2";
				TEST_TARGET_NAME = Vibez;
			};
			name = Release;
		};
/* End XCBuildConfiguration section */

/* Begin XCConfigurationList section */
		1B2230DA255E11BF00AB7B3E /* Build configuration list for PBXProject "Vibez" */ = {
			isa = XCConfigurationList;
			buildConfigurations = (
				1B22310A255E11C400AB7B3E /* Debug */,
				1B22310B255E11C400AB7B3E /* Release */,
			);
			defaultConfigurationIsVisible = 0;
			defaultConfigurationName = Release;
		};
		1B22310C255E11C400AB7B3E /* Build configuration list for PBXNativeTarget "Vibez" */ = {
			isa = XCConfigurationList;
			buildConfigurations = (
				1B22310D255E11C400AB7B3E /* Debug */,
				1B22310E255E11C400AB7B3E /* Release */,
			);
			defaultConfigurationIsVisible = 0;
			defaultConfigurationName = Release;
		};
		1B22310F255E11C400AB7B3E /* Build configuration list for PBXNativeTarget "VibezTests" */ = {
			isa = XCConfigurationList;
			buildConfigurations = (
				1B223110255E11C400AB7B3E /* Debug */,
				1B223111255E11C400AB7B3E /* Release */,
			);
			defaultConfigurationIsVisible = 0;
			defaultConfigurationName = Release;
		};
		1B223112255E11C400AB7B3E /* Build configuration list for PBXNativeTarget "VibezUITests" */ = {
			isa = XCConfigurationList;
			buildConfigurations = (
				1B223113255E11C400AB7B3E /* Debug */,
				1B223114255E11C400AB7B3E /* Release */,
			);
			defaultConfigurationIsVisible = 0;
			defaultConfigurationName = Release;
		};
/* End XCConfigurationList section */

/* Begin XCRemoteSwiftPackageReference section */
		1B9DDC50257B10A000D8A948 /* XCRemoteSwiftPackageReference "Kingfisher" */ = {
			isa = XCRemoteSwiftPackageReference;
			repositoryURL = "https://github.com/onevcat/Kingfisher";
			requirement = {
				kind = upToNextMajorVersion;
				minimumVersion = 5.15.8;
			};
		};
/* End XCRemoteSwiftPackageReference section */

/* Begin XCSwiftPackageProductDependency section */
		1B9DDC51257B10A100D8A948 /* Kingfisher */ = {
			isa = XCSwiftPackageProductDependency;
			package = 1B9DDC50257B10A000D8A948 /* XCRemoteSwiftPackageReference "Kingfisher" */;
			productName = Kingfisher;
		};
/* End XCSwiftPackageProductDependency section */

/* Begin XCVersionGroup section */
		1B2230EB255E11C000AB7B3E /* Vibez.xcdatamodeld */ = {
			isa = XCVersionGroup;
			children = (
				1B2230EC255E11C000AB7B3E /* Vibez.xcdatamodel */,
			);
			currentVersion = 1B2230EC255E11C000AB7B3E /* Vibez.xcdatamodel */;
			path = Vibez.xcdatamodeld;
			sourceTree = "<group>";
			versionGroupType = wrapper.xcdatamodel;
		};
/* End XCVersionGroup section */
	};
	rootObject = 1B2230D7255E11BF00AB7B3E /* Project object */;
}
